{
  "name": "mini-pack",
  "version": "1.0.0",
  "lockfileVersion": 3,
  "requires": true,
  "packages": {
    "": {
      "name": "mini-pack",
      "version": "1.0.0",
      "license": "ISC",
      "dependencies": {
        "@types/babel-core": "^6.25.10",
        "babel-core": "^6.26.3",
        "babel-preset-env": "^1.7.0",
        "babel-traverse": "^6.26.0",
        "babylon": "^6.18.0"
      },
      "devDependencies": {
        "@rollup/plugin-typescript": "^11.1.6",
        "@types/babylon": "^6.16.9"
      }
    },
    "../../node_modules/.pnpm/babel-core@6.26.3/node_modules/babel-core": {
      "version": "6.26.3",
      "license": "MIT",
      "dependencies": {
        "babel-code-frame": "^6.26.0",
        "babel-generator": "^6.26.0",
        "babel-helpers": "^6.24.1",
        "babel-messages": "^6.23.0",
        "babel-register": "^6.26.0",
        "babel-runtime": "^6.26.0",
        "babel-template": "^6.26.0",
        "babel-traverse": "^6.26.0",
        "babel-types": "^6.26.0",
        "babylon": "^6.18.0",
        "convert-source-map": "^1.5.1",
        "debug": "^2.6.9",
        "json5": "^0.5.1",
        "lodash": "^4.17.4",
        "minimatch": "^3.0.4",
        "path-is-absolute": "^1.0.1",
        "private": "^0.1.8",
        "slash": "^1.0.0",
        "source-map": "^0.5.7"
      },
      "devDependencies": {
        "babel-helper-fixtures": "^6.26.2",
        "babel-helper-transform-fixture-test-runner": "^6.26.2",
        "babel-polyfill": "^6.26.0"
      }
    },
    "../../node_modules/.pnpm/babel-preset-env@1.7.0/node_modules/babel-preset-env": {
      "version": "1.7.0",
      "license": "MIT",
      "dependencies": {
        "babel-plugin-check-es2015-constants": "^6.22.0",
        "babel-plugin-syntax-trailing-function-commas": "^6.22.0",
        "babel-plugin-transform-async-to-generator": "^6.22.0",
        "babel-plugin-transform-es2015-arrow-functions": "^6.22.0",
        "babel-plugin-transform-es2015-block-scoped-functions": "^6.22.0",
        "babel-plugin-transform-es2015-block-scoping": "^6.23.0",
        "babel-plugin-transform-es2015-classes": "^6.23.0",
        "babel-plugin-transform-es2015-computed-properties": "^6.22.0",
        "babel-plugin-transform-es2015-destructuring": "^6.23.0",
        "babel-plugin-transform-es2015-duplicate-keys": "^6.22.0",
        "babel-plugin-transform-es2015-for-of": "^6.23.0",
        "babel-plugin-transform-es2015-function-name": "^6.22.0",
        "babel-plugin-transform-es2015-literals": "^6.22.0",
        "babel-plugin-transform-es2015-modules-amd": "^6.22.0",
        "babel-plugin-transform-es2015-modules-commonjs": "^6.23.0",
        "babel-plugin-transform-es2015-modules-systemjs": "^6.23.0",
        "babel-plugin-transform-es2015-modules-umd": "^6.23.0",
        "babel-plugin-transform-es2015-object-super": "^6.22.0",
        "babel-plugin-transform-es2015-parameters": "^6.23.0",
        "babel-plugin-transform-es2015-shorthand-properties": "^6.22.0",
        "babel-plugin-transform-es2015-spread": "^6.22.0",
        "babel-plugin-transform-es2015-sticky-regex": "^6.22.0",
        "babel-plugin-transform-es2015-template-literals": "^6.22.0",
        "babel-plugin-transform-es2015-typeof-symbol": "^6.23.0",
        "babel-plugin-transform-es2015-unicode-regex": "^6.22.0",
        "babel-plugin-transform-exponentiation-operator": "^6.22.0",
        "babel-plugin-transform-regenerator": "^6.22.0",
        "browserslist": "^3.2.6",
        "invariant": "^2.2.2",
        "semver": "^5.3.0"
      },
      "devDependencies": {
        "babel-cli": "^6.23.0",
        "babel-eslint": "^7.1.1",
        "babel-helper-fixtures": "^6.22.0",
        "babel-helper-plugin-test-runner": "^6.22.0",
        "babel-plugin-istanbul": "^3.1.2",
        "babel-preset-env": "^1.4.0",
        "babel-register": "^6.23.0",
        "chai": "^3.5.0",
        "codecov": "^1.0.1",
        "compat-table": "kangax/compat-table#957f1ff15972e8fb2892a172f985e9af27bf1c75",
        "electron-to-chromium": "^1.3.11",
        "eslint": "^3.17.1",
        "eslint-config-babel": "^6.0.0",
        "eslint-plugin-flowtype": "^2.29.1",
        "fs-extra": "~2.0.0",
        "lodash": "^4.17.4",
        "mocha": "^3.2.0",
        "nyc": "^10.1.2",
        "rimraf": "^2.6.1"
      }
    },
    "../../node_modules/.pnpm/babel-traverse@6.26.0/node_modules/babel-traverse": {
      "version": "6.26.0",
      "license": "MIT",
      "dependencies": {
        "babel-code-frame": "^6.26.0",
        "babel-messages": "^6.23.0",
        "babel-runtime": "^6.26.0",
        "babel-types": "^6.26.0",
        "babylon": "^6.18.0",
        "debug": "^2.6.8",
        "globals": "^9.18.0",
        "invariant": "^2.2.2",
        "lodash": "^4.17.4"
      },
      "devDependencies": {
        "babel-generator": "^6.26.0"
      }
    },
    "../../node_modules/.pnpm/babylon@6.18.0/node_modules/babylon": {
      "version": "6.18.0",
      "license": "MIT",
      "bin": {
        "babylon": "bin/babylon.js"
      },
      "devDependencies": {
        "ava": "^0.17.0",
        "babel-cli": "^6.14.0",
        "babel-eslint": "^7.0.0",
        "babel-helper-fixtures": "^6.9.0",
        "babel-plugin-external-helpers": "^6.18.0",
        "babel-plugin-istanbul": "^3.0.0",
        "babel-plugin-transform-flow-strip-types": "^6.14.0",
        "babel-preset-es2015": "^6.14.0",
        "babel-preset-stage-0": "^6.5.0",
        "chalk": "^1.1.3",
        "codecov": "^1.0.1",
        "cross-env": "^2.0.0",
        "eslint": "^3.7.1",
        "eslint-config-babel": "^6.0.0",
        "eslint-plugin-flowtype": "^2.20.0",
        "flow-bin": "^0.42.0",
        "nyc": "^10.0.0",
        "rimraf": "^2.5.4",
        "rollup": "^0.41.0",
        "rollup-plugin-babel": "^2.6.1",
        "rollup-plugin-node-resolve": "^2.0.0",
        "rollup-watch": "^3.2.2",
        "unicode-9.0.0": "~0.7.0"
      }
    },
    "node_modules/@rollup/plugin-typescript": {
      "version": "11.1.6",
      "resolved": "http://npm.weimob.com/@rollup%2fplugin-typescript/-/plugin-typescript-11.1.6.tgz",
      "integrity": "sha512-R92yOmIACgYdJ7dJ97p4K69I8gg6IEHt8M7dUBxN3W6nrO8uUxX5ixl0yU/N3aZTi8WhPuICvOHXQvF6FaykAA==",
      "dev": true,
      "dependencies": {
        "@rollup/pluginutils": "^5.1.0",
        "resolve": "^1.22.1"
      },
      "engines": {
        "node": ">=14.0.0"
      },
      "peerDependencies": {
        "rollup": "^2.14.0||^3.0.0||^4.0.0",
        "tslib": "*",
        "typescript": ">=3.7.0"
      },
      "peerDependenciesMeta": {
        "rollup": {
          "optional": true
        },
        "tslib": {
          "optional": true
        }
      }
    },
    "node_modules/@rollup/pluginutils": {
      "version": "5.1.0",
      "resolved": "http://npm.weimob.com/@rollup%2fpluginutils/-/pluginutils-5.1.0.tgz",
      "integrity": "sha512-XTIWOPPcpvyKI6L1NHo0lFlCyznUEyPmPY1mc3KpPVDYulHSTvyeLNVW00QTLIAFNhR3kYnJTQHeGqU4M3n09g==",
      "dev": true,
      "dependencies": {
        "@types/estree": "^1.0.0",
        "estree-walker": "^2.0.2",
        "picomatch": "^2.3.1"
      },
      "engines": {
        "node": ">=14.0.0"
      },
      "peerDependencies": {
        "rollup": "^1.20.0||^2.0.0||^3.0.0||^4.0.0"
      },
      "peerDependenciesMeta": {
        "rollup": {
          "optional": true
        }
      }
    },
    "node_modules/@types/babel-core": {
      "version": "6.25.10",
      "resolved": "http://npm.weimob.com/@types%2fbabel-core/-/babel-core-6.25.10.tgz",
      "integrity": "sha512-VyqZTf+n8wj+8Powi4k2PwQiHT6ESJb6BEX5IETfmPzdZ9G2sOtFIopdpC2TI3T4Tmf1Shys2QeRv4ZBi4U2EA==",
      "dependencies": {
        "@types/babel-generator": "*",
        "@types/babel-template": "*",
        "@types/babel-traverse": "*",
        "@types/babel-types": "*",
        "@types/babylon": "*"
      }
    },
    "node_modules/@types/babel-generator": {
      "version": "6.25.8",
      "resolved": "http://npm.weimob.com/@types%2fbabel-generator/-/babel-generator-6.25.8.tgz",
      "integrity": "sha512-f5l89J0UpYhTE6TFCxy3X+8pJVru1eig1fcvF9qHmOk9h1VxZimd+++tu5GShntCOdhE/MoZZ0SlpGTyh4XrKg==",
      "dependencies": {
        "@types/babel-types": "*"
      }
    },
    "node_modules/@types/babel-template": {
      "version": "6.25.5",
      "resolved": "http://npm.weimob.com/@types%2fbabel-template/-/babel-template-6.25.5.tgz",
      "integrity": "sha512-1f+n65xfg9ukqz+BaHYrCWe3Fymv4Ho0i9fU/MHri8MQKU+S4n+vexR5hXs+94d/fsaMLMP45q0hX6FRspKLiQ==",
      "dependencies": {
        "@types/babel-types": "*",
        "@types/babylon": "*"
      }
    },
    "node_modules/@types/babel-traverse": {
      "version": "6.25.10",
      "resolved": "http://npm.weimob.com/@types%2fbabel-traverse/-/babel-traverse-6.25.10.tgz",
      "integrity": "sha512-B3XitTFG8YeXb5lr7Nj62t1DikCDuAJ/4BDeK6GCuWREEmdunI9DWnv+81oHl2yQBQPWY/C1PmV3vaRZB4LQmw==",
      "dependencies": {
        "@types/babel-types": "*"
      }
    },
    "node_modules/@types/babel-types": {
      "version": "7.0.15",
      "resolved": "http://npm.weimob.com/@types%2fbabel-types/-/babel-types-7.0.15.tgz",
      "integrity": "sha512-JUgfZHUOMbtjopxiOQaaF+Uovk5wpDqpXR+XLWiOivCWSy1FccO30lvNNpCt8geFwq8VmGT2y9OMkOpA0g5O5g=="
    },
    "node_modules/@types/babylon": {
      "version": "6.16.9",
      "resolved": "http://npm.weimob.com/@types%2fbabylon/-/babylon-6.16.9.tgz",
      "integrity": "sha512-sEKyxMVEowhcr8WLfN0jJYe4gS4Z9KC2DGz0vqfC7+MXFbmvOF7jSjALC77thvAO2TLgFUPa9vDeOak+AcUrZA==",
      "dependencies": {
        "@types/babel-types": "*"
      }
    },
    "node_modules/@types/estree": {
      "version": "1.0.5",
      "resolved": "http://npm.weimob.com/@types%2festree/-/estree-1.0.5.tgz",
      "integrity": "sha512-/kYRxGDLWzHOB7q+wtSUQlFrtcdUccpfy+X+9iMBpHK8QLLhx2wIPYuS5DYtR9Wa/YlZAbIovy7qVdB1Aq6Lyw==",
      "dev": true
    },
    "node_modules/babel-core": {
      "resolved": "../../node_modules/.pnpm/babel-core@6.26.3/node_modules/babel-core",
      "link": true
    },
    "node_modules/babel-preset-env": {
      "resolved": "../../node_modules/.pnpm/babel-preset-env@1.7.0/node_modules/babel-preset-env",
      "link": true
    },
    "node_modules/babel-traverse": {
      "resolved": "../../node_modules/.pnpm/babel-traverse@6.26.0/node_modules/babel-traverse",
      "link": true
    },
    "node_modules/babylon": {
      "resolved": "../../node_modules/.pnpm/babylon@6.18.0/node_modules/babylon",
      "link": true
    },
    "node_modules/estree-walker": {
      "version": "2.0.2",
      "resolved": "http://npm.weimob.com/estree-walker/-/estree-walker-2.0.2.tgz",
      "integrity": "sha1-UvAQF4wqTBF6d1fP6UKtt9LaTKw=",
      "dev": true
    },
    "node_modules/function-bind": {
      "version": "1.1.2",
      "resolved": "http://npm.weimob.com/function-bind/-/function-bind-1.1.2.tgz",
      "integrity": "sha512-7XHNxH7qX9xG5mIwxkhumTox/MIRNcOgDrxWsMt2pAr23WHp6MrRlN7FBSFpCpr+oVO0F744iUgR82nJMfG2SA==",
      "dev": true,
      "funding": {
        "url": "https://github.com/sponsors/ljharb"
      }
    },
    "node_modules/hasown": {
      "version": "2.0.1",
      "resolved": "http://npm.weimob.com/hasown/-/hasown-2.0.1.tgz",
      "integrity": "sha512-1/th4MHjnwncwXsIW6QMzlvYL9kG5e/CpVvLRZe4XPa8TOUNbCELqmvhDmnkNsAjwaG4+I8gJJL0JBvTTLO9qA==",
      "dev": true,
      "dependencies": {
        "function-bind": "^1.1.2"
      },
      "engines": {
        "node": ">= 0.4"
      }
    },
    "node_modules/is-core-module": {
      "version": "2.13.1",
      "resolved": "http://npm.weimob.com/is-core-module/-/is-core-module-2.13.1.tgz",
      "integrity": "sha512-hHrIjvZsftOsvKSn2TRYl63zvxsgE0K+0mYMoH6gD4omR5IWB2KynivBQczo3+wF1cCkjzvptnI9Q0sPU66ilw==",
      "dev": true,
      "dependencies": {
        "hasown": "^2.0.0"
      },
      "funding": {
        "url": "https://github.com/sponsors/ljharb"
      }
    },
    "node_modules/path-parse": {
      "version": "1.0.7",
      "resolved": "http://npm.weimob.com/path-parse/-/path-parse-1.0.7.tgz",
      "integrity": "sha1-+8EUtgykKzDZ2vWFjkvWi77bZzU=",
      "dev": true
    },
    "node_modules/picomatch": {
      "version": "2.3.1",
      "resolved": "http://npm.weimob.com/picomatch/-/picomatch-2.3.1.tgz",
      "integrity": "sha512-JU3teHTNjmE2VCGFzuY8EXzCDVwEqB2a8fsIvwaStHhAWJEeVd1o1QD80CU6+ZdEXXSLbSsuLwJjkCBWqRQUVA==",
      "dev": true,
      "engines": {
        "node": ">=8.6"
      },
      "funding": {
        "url": "https://github.com/sponsors/jonschlinkert"
      }
    },
    "node_modules/resolve": {
      "version": "1.22.8",
      "resolved": "http://npm.weimob.com/resolve/-/resolve-1.22.8.tgz",
      "integrity": "sha512-oKWePCxqpd6FlLvGV1VU0x7bkPmmCNolxzjMf4NczoDnQcIWrAF+cPtZn5i6n+RfD2d9i0tzpKnG6Yk168yIyw==",
      "dev": true,
      "dependencies": {
        "is-core-module": "^2.13.0",
        "path-parse": "^1.0.7",
        "supports-preserve-symlinks-flag": "^1.0.0"
      },
      "bin": {
        "resolve": "bin/resolve"
      },
      "funding": {
        "url": "https://github.com/sponsors/ljharb"
      }
    },
    "node_modules/supports-preserve-symlinks-flag": {
      "version": "1.0.0",
      "resolved": "http://npm.weimob.com/supports-preserve-symlinks-flag/-/supports-preserve-symlinks-flag-1.0.0.tgz",
      "integrity": "sha512-ot0WnXS9fgdkgIcePe6RHNk1WA8+muPa6cSjeR3V8K27q9BB1rTE3R1p7Hv0z1ZyAc8s6Vvv8DIyWf681MAt0w==",
      "dev": true,
      "engines": {
        "node": ">= 0.4"
      },
      "funding": {
        "url": "https://github.com/sponsors/ljharb"
      }
    },
    "node_modules/typescript": {
      "version": "5.3.3",
      "resolved": "http://npm.weimob.com/typescript/-/typescript-5.3.3.tgz",
      "integrity": "sha512-pXWcraxM0uxAS+tN0AG/BF2TyqmHO014Z070UsJ+pFvYuRSq8KH8DmWpnbXe0pEPDHXZV3FcAbJkijJ5oNEnWw==",
      "dev": true,
      "peer": true,
      "bin": {
        "tsc": "bin/tsc",
        "tsserver": "bin/tsserver"
      },
      "engines": {
        "node": ">=14.17"
      }
    }
  }
}
